
Microsoft Visual Studio Solution File, Format Version 12.00
# Visual Studio Version 17
Project("{8BC9CEB8-8B4A-11D0-8D11-00A0C91BC942}") = "zw3", "projects\zw3.vcxproj", "{69C9880B-D5D2-887C-5E4E-9F7CCA56947C}"
EndProject
Project("{2150E333-8FDC-42A3-9474-1A3956D46DE8}") = "External Dependencies", "External Dependencies", "{D60DF0D8-421B-1EBF-CB01-1AAA370EEA75}"
EndProject
Project("{8BC9CEB8-8B4A-11D0-8D11-00A0C91BC942}") = "discord-rpc", "projects\discord-rpc.vcxproj", "{DFD4EACE-4B8A-63C4-D47E-5D9B40335AC8}"
EndProject
Project("{8BC9CEB8-8B4A-11D0-8D11-00A0C91BC942}") = "libtomcrypt", "projects\libtomcrypt.vcxproj", "{1E3156E2-8AE6-CED7-13DB-C8AE7F8FC5DB}"
EndProject
Project("{8BC9CEB8-8B4A-11D0-8D11-00A0C91BC942}") = "libtommath", "projects\libtommath.vcxproj", "{36F6A20E-22AE-E45B-8BB5-BDB7778C7F4C}"
EndProject
Project("{8BC9CEB8-8B4A-11D0-8D11-00A0C91BC942}") = "libwebp", "projects\libwebp.vcxproj", "{0A466F79-7625-EE14-7F3D-79EBEB9B5476}"
EndProject
Project("{8BC9CEB8-8B4A-11D0-8D11-00A0C91BC942}") = "mongoose", "projects\mongoose.vcxproj", "{0C5C597C-F828-B487-2142-A22F0D6EE915}"
EndProject
Project("{8BC9CEB8-8B4A-11D0-8D11-00A0C91BC942}") = "pdcurses", "projects\pdcurses.vcxproj", "{EE8AB4D9-DA57-0FE5-0371-FD8CEF9C4473}"
EndProject
Project("{8BC9CEB8-8B4A-11D0-8D11-00A0C91BC942}") = "protobuf", "projects\protobuf.vcxproj", "{16C14D2B-028E-A836-2BA7-96DE17D3DDC4}"
EndProject
Project("{8BC9CEB8-8B4A-11D0-8D11-00A0C91BC942}") = "zlib", "projects\zlib.vcxproj", "{16CFA17C-0206-A30D-ABF2-881097081F0F}"
EndProject
Project("{8BC9CEB8-8B4A-11D0-8D11-00A0C91BC942}") = "d3d9", "projects\d3d9.vcxproj", "{79CB947C-6502-960D-0EEF-7B10FA04120F}"
EndProject
Global
	GlobalSection(SolutionConfigurationPlatforms) = preSolution
		Debug|x64 = Debug|x64
		Release|x64 = Release|x64
	EndGlobalSection
	GlobalSection(ProjectConfigurationPlatforms) = postSolution
		{69C9880B-D5D2-887C-5E4E-9F7CCA56947C}.Debug|x64.ActiveCfg = Debug|x64
		{69C9880B-D5D2-887C-5E4E-9F7CCA56947C}.Debug|x64.Build.0 = Debug|x64
		{69C9880B-D5D2-887C-5E4E-9F7CCA56947C}.Release|x64.ActiveCfg = Release|x64
		{69C9880B-D5D2-887C-5E4E-9F7CCA56947C}.Release|x64.Build.0 = Release|x64
		{DFD4EACE-4B8A-63C4-D47E-5D9B40335AC8}.Debug|x64.ActiveCfg = Debug|x64
		{DFD4EACE-4B8A-63C4-D47E-5D9B40335AC8}.Debug|x64.Build.0 = Debug|x64
		{DFD4EACE-4B8A-63C4-D47E-5D9B40335AC8}.Release|x64.ActiveCfg = Release|x64
		{DFD4EACE-4B8A-63C4-D47E-5D9B40335AC8}.Release|x64.Build.0 = Release|x64
		{1E3156E2-8AE6-CED7-13DB-C8AE7F8FC5DB}.Debug|x64.ActiveCfg = Debug|x64
		{1E3156E2-8AE6-CED7-13DB-C8AE7F8FC5DB}.Debug|x64.Build.0 = Debug|x64
		{1E3156E2-8AE6-CED7-13DB-C8AE7F8FC5DB}.Release|x64.ActiveCfg = Release|x64
		{1E3156E2-8AE6-CED7-13DB-C8AE7F8FC5DB}.Release|x64.Build.0 = Release|x64
		{36F6A20E-22AE-E45B-8BB5-BDB7778C7F4C}.Debug|x64.ActiveCfg = Debug|x64
		{36F6A20E-22AE-E45B-8BB5-BDB7778C7F4C}.Debug|x64.Build.0 = Debug|x64
		{36F6A20E-22AE-E45B-8BB5-BDB7778C7F4C}.Release|x64.ActiveCfg = Release|x64
		{36F6A20E-22AE-E45B-8BB5-BDB7778C7F4C}.Release|x64.Build.0 = Release|x64
		{0A466F79-7625-EE14-7F3D-79EBEB9B5476}.Debug|x64.ActiveCfg = Debug|x64
		{0A466F79-7625-EE14-7F3D-79EBEB9B5476}.Debug|x64.Build.0 = Debug|x64
		{0A466F79-7625-EE14-7F3D-79EBEB9B5476}.Release|x64.ActiveCfg = Release|x64
		{0A466F79-7625-EE14-7F3D-79EBEB9B5476}.Release|x64.Build.0 = Release|x64
		{0C5C597C-F828-B487-2142-A22F0D6EE915}.Debug|x64.ActiveCfg = Debug|x64
		{0C5C597C-F828-B487-2142-A22F0D6EE915}.Debug|x64.Build.0 = Debug|x64
		{0C5C597C-F828-B487-2142-A22F0D6EE915}.Release|x64.ActiveCfg = Release|x64
		{0C5C597C-F828-B487-2142-A22F0D6EE915}.Release|x64.Build.0 = Release|x64
		{EE8AB4D9-DA57-0FE5-0371-FD8CEF9C4473}.Debug|x64.ActiveCfg = Debug|x64
		{EE8AB4D9-DA57-0FE5-0371-FD8CEF9C4473}.Debug|x64.Build.0 = Debug|x64
		{EE8AB4D9-DA57-0FE5-0371-FD8CEF9C4473}.Release|x64.ActiveCfg = Release|x64
		{EE8AB4D9-DA57-0FE5-0371-FD8CEF9C4473}.Release|x64.Build.0 = Release|x64
		{16C14D2B-028E-A836-2BA7-96DE17D3DDC4}.Debug|x64.ActiveCfg = Debug|x64
		{16C14D2B-028E-A836-2BA7-96DE17D3DDC4}.Debug|x64.Build.0 = Debug|x64
		{16C14D2B-028E-A836-2BA7-96DE17D3DDC4}.Release|x64.ActiveCfg = Release|x64
		{16C14D2B-028E-A836-2BA7-96DE17D3DDC4}.Release|x64.Build.0 = Release|x64
		{16CFA17C-0206-A30D-ABF2-881097081F0F}.Debug|x64.ActiveCfg = Debug|x64
		{16CFA17C-0206-A30D-ABF2-881097081F0F}.Debug|x64.Build.0 = Debug|x64
		{16CFA17C-0206-A30D-ABF2-881097081F0F}.Release|x64.ActiveCfg = Release|x64
		{16CFA17C-0206-A30D-ABF2-881097081F0F}.Release|x64.Build.0 = Release|x64
		{79CB947C-6502-960D-0EEF-7B10FA04120F}.Debug|x64.ActiveCfg = Debug|x64
		{79CB947C-6502-960D-0EEF-7B10FA04120F}.Debug|x64.Build.0 = Debug|x64
		{79CB947C-6502-960D-0EEF-7B10FA04120F}.Release|x64.ActiveCfg = Release|x64
		{79CB947C-6502-960D-0EEF-7B10FA04120F}.Release|x64.Build.0 = Release|x64
	EndGlobalSection
	GlobalSection(SolutionProperties) = preSolution
		HideSolutionNode = FALSE
	EndGlobalSection
	GlobalSection(NestedProjects) = preSolution
		{DFD4EACE-4B8A-63C4-D47E-5D9B40335AC8} = {D60DF0D8-421B-1EBF-CB01-1AAA370EEA75}
		{1E3156E2-8AE6-CED7-13DB-C8AE7F8FC5DB} = {D60DF0D8-421B-1EBF-CB01-1AAA370EEA75}
		{36F6A20E-22AE-E45B-8BB5-BDB7778C7F4C} = {D60DF0D8-421B-1EBF-CB01-1AAA370EEA75}
		{0A466F79-7625-EE14-7F3D-79EBEB9B5476} = {D60DF0D8-421B-1EBF-CB01-1AAA370EEA75}
		{0C5C597C-F828-B487-2142-A22F0D6EE915} = {D60DF0D8-421B-1EBF-CB01-1AAA370EEA75}
		{EE8AB4D9-DA57-0FE5-0371-FD8CEF9C4473} = {D60DF0D8-421B-1EBF-CB01-1AAA370EEA75}
		{16C14D2B-028E-A836-2BA7-96DE17D3DDC4} = {D60DF0D8-421B-1EBF-CB01-1AAA370EEA75}
		{16CFA17C-0206-A30D-ABF2-881097081F0F} = {D60DF0D8-421B-1EBF-CB01-1AAA370EEA75}
	EndGlobalSection
EndGlobal
